
Microsoft Visual Studio Solution File, Format Version 12.00
# Visual Studio Version 17
VisualStudioVersion = 17.0.32112.339
MinimumVisualStudioVersion = 10.0.40219.1
Project("{FAE04EC0-301F-11D3-BF4B-00C04F79EFBC}") = "TimedLogExample", "src\TimedLogExample\TimedLogExample.csproj", "{1FCA38E1-B8BF-46CD-97F1-A69D39A8DDBC}"
EndProject
Project("{2150E333-8FDC-42A3-9474-1A3956D46DE8}") = "src", "src", "{BACC8101-E7E4-49DE-887D-36DB0FD158BC}"
EndProject
Global
	GlobalSection(SolutionConfigurationPlatforms) = preSolution
		Debug|Any CPU = Debug|Any CPU
		Release|Any CPU = Release|Any CPU
	EndGlobalSection
	GlobalSection(ProjectConfigurationPlatforms) = postSolution
		{1FCA38E1-B8BF-46CD-97F1-A69D39A8DDBC}.Debug|Any CPU.ActiveCfg = Debug|Any CPU
		{1FCA38E1-B8BF-46CD-97F1-A69D39A8DDBC}.Debug|Any CPU.Build.0 = Debug|Any CPU
		{1FCA38E1-B8BF-46CD-97F1-A69D39A8DDBC}.Release|Any CPU.ActiveCfg = Release|Any CPU
		{1FCA38E1-B8BF-46CD-97F1-A69D39A8DDBC}.Release|Any CPU.Build.0 = Release|Any CPU
	EndGlobalSection
	GlobalSection(SolutionProperties) = preSolution
		HideSolutionNode = FALSE
	EndGlobalSection
	GlobalSection(NestedProjects) = preSolution
		{1FCA38E1-B8BF-46CD-97F1-A69D39A8DDBC} = {BACC8101-E7E4-49DE-887D-36DB0FD158BC}
	EndGlobalSection
	GlobalSection(ExtensibilityGlobals) = postSolution
		SolutionGuid = {A739D49B-89C3-4192-9C01-D08C4E509EF5}
	EndGlobalSection
EndGlobal
